Microsoft Visual Studio Solution File, Format Version 12.00
# Visual Studio Version 17
VisualStudioVersion = 17.0.31903.59
MinimumVisualStudioVersion = 10.0.40219.1
Project("{FAE04EC0-301F-11D3-BF4B-00C04F79EFBC}") = "ShadowCore", "core\ShadowCore.csproj", "{48ABDB29-F302-4B42-A854-A55FBEC10686}"
EndProject
Project("{FAE04EC0-301F-11D3-BF4B-00C04F79EFBC}") = "DynamoShadow", "dynamo\DynamoShadow.csproj", "{BCE83233-D3B7-40DD-BD07-EEFA38D07218}"
EndProject
Project("{FAE04EC0-301F-11D3-BF4B-00C04F79EFBC}") = "RevitShadow", "revit\RevitShadow.csproj", "{77F33EF4-9099-4CA6-802D-4E0CF93B40A9}"
EndProject
Project("{FAE04EC0-301F-11D3-BF4B-00C04F79EFBC}") = "ShadowCore.Tests", "tests\ShadowCore.Tests.csproj", "{E885BE75-BE23-4AD8-B9FA-8C15BED00D29}"
EndProject
Project("{FAE04EC0-301F-11D3-BF4B-00C04F79EFBC}") = "RevitShadow.Tests", "revit-tests\RevitShadow.Tests.csproj", "{4349A3F8-F93E-4D75-B7BD-88796028EAD8}"
EndProject
Global
	GlobalSection(SolutionConfigurationPlatforms) = preSolution
		Debug|Any CPU = Debug|Any CPU
		Release|Any CPU = Release|Any CPU
	EndGlobalSection
	GlobalSection(ProjectConfigurationPlatforms) = postSolution
		{48ABDB29-F302-4B42-A854-A55FBEC10686}.Debug|Any CPU.ActiveCfg = Debug|Any CPU
		{48ABDB29-F302-4B42-A854-A55FBEC10686}.Debug|Any CPU.Build.0 = Debug|Any CPU
		{48ABDB29-F302-4B42-A854-A55FBEC10686}.Release|Any CPU.ActiveCfg = Release|Any CPU
		{48ABDB29-F302-4B42-A854-A55FBEC10686}.Release|Any CPU.Build.0 = Release|Any CPU
		{BCE83233-D3B7-40DD-BD07-EEFA38D07218}.Debug|Any CPU.ActiveCfg = Debug|Any CPU
		{BCE83233-D3B7-40DD-BD07-EEFA38D07218}.Debug|Any CPU.Build.0 = Debug|Any CPU
		{BCE83233-D3B7-40DD-BD07-EEFA38D07218}.Release|Any CPU.ActiveCfg = Release|Any CPU
		{BCE83233-D3B7-40DD-BD07-EEFA38D07218}.Release|Any CPU.Build.0 = Release|Any CPU
		{77F33EF4-9099-4CA6-802D-4E0CF93B40A9}.Debug|Any CPU.ActiveCfg = Debug|Any CPU
		{77F33EF4-9099-4CA6-802D-4E0CF93B40A9}.Debug|Any CPU.Build.0 = Debug|Any CPU
		{77F33EF4-9099-4CA6-802D-4E0CF93B40A9}.Release|Any CPU.ActiveCfg = Release|Any CPU
		{77F33EF4-9099-4CA6-802D-4E0CF93B40A9}.Release|Any CPU.Build.0 = Release|Any CPU
		{E885BE75-BE23-4AD8-B9FA-8C15BED00D29}.Debug|Any CPU.ActiveCfg = Debug|Any CPU
		{E885BE75-BE23-4AD8-B9FA-8C15BED00D29}.Debug|Any CPU.Build.0 = Debug|Any CPU
		{E885BE75-BE23-4AD8-B9FA-8C15BED00D29}.Release|Any CPU.ActiveCfg = Release|Any CPU
		{E885BE75-BE23-4AD8-B9FA-8C15BED00D29}.Release|Any CPU.Build.0 = Release|Any CPU
		{4349A3F8-F93E-4D75-B7BD-88796028EAD8}.Debug|Any CPU.ActiveCfg = Debug|Any CPU
		{4349A3F8-F93E-4D75-B7BD-88796028EAD8}.Debug|Any CPU.Build.0 = Debug|Any CPU
		{4349A3F8-F93E-4D75-B7BD-88796028EAD8}.Release|Any CPU.ActiveCfg = Release|Any CPU
		{4349A3F8-F93E-4D75-B7BD-88796028EAD8}.Release|Any CPU.Build.0 = Release|Any CPU
	EndGlobalSection
EndGlobal
